
Microsoft Visual Studio Solution File, Format Version 11.00
# Visual Studio 2010
Project("{FAE04EC0-301F-11D3-BF4B-00C04F79EFBC}") = "Assembly-CSharp", "Assembly-CSharp.csproj", "{da879165-0c6d-37e8-e4ef-7bb81118d676}"
EndProject
Project("{FAE04EC0-301F-11D3-BF4B-00C04F79EFBC}") = "Meryel.CodeAssist.Editor", "Meryel.CodeAssist.Editor.csproj", "{40022549-fcfc-ffda-b0c9-4f624a9aca15}"
EndProject
Global
	GlobalSection(SolutionConfigurationPlatforms) = preSolution
		Debug|Any CPU = Debug|Any CPU
	EndGlobalSection
	GlobalSection(ProjectConfigurationPlatforms) = postSolution
		{da879165-0c6d-37e8-e4ef-7bb81118d676}.Debug|Any CPU.ActiveCfg = Debug|Any CPU
		{da879165-0c6d-37e8-e4ef-7bb81118d676}.Debug|Any CPU.Build.0 = Debug|Any CPU
		{40022549-fcfc-ffda-b0c9-4f624a9aca15}.Debug|Any CPU.ActiveCfg = Debug|Any CPU
		{40022549-fcfc-ffda-b0c9-4f624a9aca15}.Debug|Any CPU.Build.0 = Debug|Any CPU
	EndGlobalSection
	GlobalSection(SolutionProperties) = preSolution
		HideSolutionNode = FALSE
	EndGlobalSection
EndGlobal
